
Microsoft Visual Studio Solution File, Format Version 12.00
# Visual Studio Version 16
VisualStudioVersion = 16.0.29709.97
MinimumVisualStudioVersion = 10.0.40219.1
Project("{F184B08F-C81C-45F6-A57F-5ABD9991F28F}") = "Scanner", "Scanner\Scanner.vbproj", "{4183718C-1783-4E40-90D7-0B6C7AF361B8}"
EndProject
Global
	GlobalSection(SolutionConfigurationPlatforms) = preSolution
		Debug|Any CPU = Debug|Any CPU
		Release|Any CPU = Release|Any CPU
	EndGlobalSection
	GlobalSection(ProjectConfigurationPlatforms) = postSolution
		{4183718C-1783-4E40-90D7-0B6C7AF361B8}.Debug|Any CPU.ActiveCfg = Debug|Any CPU
		{4183718C-1783-4E40-90D7-0B6C7AF361B8}.Debug|Any CPU.Build.0 = Debug|Any CPU
		{4183718C-1783-4E40-90D7-0B6C7AF361B8}.Release|Any CPU.ActiveCfg = Release|Any CPU
		{4183718C-1783-4E40-90D7-0B6C7AF361B8}.Release|Any CPU.Build.0 = Release|Any CPU
	EndGlobalSection
	GlobalSection(SolutionProperties) = preSolution
		HideSolutionNode = FALSE
	EndGlobalSection
	GlobalSection(ExtensibilityGlobals) = postSolution
		SolutionGuid = {8B71A6D1-1896-45EA-852A-EE0AEA30275E}
	EndGlobalSection
EndGlobal
